
Microsoft Visual Studio Solution File, Format Version 12.00
# Visual Studio 15
VisualStudioVersion = 15.0.27703.2018
MinimumVisualStudioVersion = 10.0.40219.1
Project("{FAE04EC0-301F-11D3-BF4B-00C04F79EFBC}") = "ProyectoFinal.Android", "ProyectoFinal\ProyectoFinal.Android\ProyectoFinal.Android.csproj", "{8F97A19F-D8AB-4525-B6EF-EF54589ABB8B}"
EndProject
Project("{FAE04EC0-301F-11D3-BF4B-00C04F79EFBC}") = "ProyectoFinal.iOS", "ProyectoFinal\ProyectoFinal.iOS\ProyectoFinal.iOS.csproj", "{00520093-9F39-49CA-BF37-E602E5A6A999}"
EndProject
Project("{FAE04EC0-301F-11D3-BF4B-00C04F79EFBC}") = "ProyectoFinal", "ProyectoFinal\ProyectoFinal\ProyectoFinal.csproj", "{0D70E51B-1FB6-4265-9275-D1CA6B0C4447}"
EndProject
Global
	GlobalSection(SolutionConfigurationPlatforms) = preSolution
		Ad-Hoc|Any CPU = Ad-Hoc|Any CPU
		Ad-Hoc|iPhone = Ad-Hoc|iPhone
		Ad-Hoc|iPhoneSimulator = Ad-Hoc|iPhoneSimulator
		AppStore|Any CPU = AppStore|Any CPU
		AppStore|iPhone = AppStore|iPhone
		AppStore|iPhoneSimulator = AppStore|iPhoneSimulator
		Debug|Any CPU = Debug|Any CPU
		Debug|iPhone = Debug|iPhone
		Debug|iPhoneSimulator = Debug|iPhoneSimulator
		Release|Any CPU = Release|Any CPU
		Release|iPhone = Release|iPhone
		Release|iPhoneSimulator = Release|iPhoneSimulator
	EndGlobalSection
	GlobalSection(ProjectConfigurationPlatforms) = postSolution
		{8F97A19F-D8AB-4525-B6EF-EF54589ABB8B}.Ad-Hoc|Any CPU.ActiveCfg = Release|Any CPU
		{8F97A19F-D8AB-4525-B6EF-EF54589ABB8B}.Ad-Hoc|Any CPU.Build.0 = Release|Any CPU
		{8F97A19F-D8AB-4525-B6EF-EF54589ABB8B}.Ad-Hoc|Any CPU.Deploy.0 = Release|Any CPU
		{8F97A19F-D8AB-4525-B6EF-EF54589ABB8B}.Ad-Hoc|iPhone.ActiveCfg = Release|Any CPU
		{8F97A19F-D8AB-4525-B6EF-EF54589ABB8B}.Ad-Hoc|iPhone.Build.0 = Release|Any CPU
		{8F97A19F-D8AB-4525-B6EF-EF54589ABB8B}.Ad-Hoc|iPhone.Deploy.0 = Release|Any CPU
		{8F97A19F-D8AB-4525-B6EF-EF54589ABB8B}.Ad-Hoc|iPhoneSimulator.ActiveCfg = Release|Any CPU
		{8F97A19F-D8AB-4525-B6EF-EF54589ABB8B}.Ad-Hoc|iPhoneSimulator.Build.0 = Release|Any CPU
		{8F97A19F-D8AB-4525-B6EF-EF54589ABB8B}.Ad-Hoc|iPhoneSimulator.Deploy.0 = Release|Any CPU
		{8F97A19F-D8AB-4525-B6EF-EF54589ABB8B}.AppStore|Any CPU.ActiveCfg = Release|Any CPU
		{8F97A19F-D8AB-4525-B6EF-EF54589ABB8B}.AppStore|Any CPU.Build.0 = Release|Any CPU
		{8F97A19F-D8AB-4525-B6EF-EF54589ABB8B}.AppStore|Any CPU.Deploy.0 = Release|Any CPU
		{8F97A19F-D8AB-4525-B6EF-EF54589ABB8B}.AppStore|iPhone.ActiveCfg = Release|Any CPU
		{8F97A19F-D8AB-4525-B6EF-EF54589ABB8B}.AppStore|iPhone.Build.0 = Release|Any CPU
		{8F97A19F-D8AB-4525-B6EF-EF54589ABB8B}.AppStore|iPhone.Deploy.0 = Release|Any CPU
		{8F97A19F-D8AB-4525-B6EF-EF54589ABB8B}.AppStore|iPhoneSimulator.ActiveCfg = Release|Any CPU
		{8F97A19F-D8AB-4525-B6EF-EF54589ABB8B}.AppStore|iPhoneSimulator.Build.0 = Release|Any CPU
		{8F97A19F-D8AB-4525-B6EF-EF54589ABB8B}.AppStore|iPhoneSimulator.Deploy.0 = Release|Any CPU
		{8F97A19F-D8AB-4525-B6EF-EF54589ABB8B}.Debug|Any CPU.ActiveCfg = Debug|Any CPU
		{8F97A19F-D8AB-4525-B6EF-EF54589ABB8B}.Debug|Any CPU.Build.0 = Debug|Any CPU
		{8F97A19F-D8AB-4525-B6EF-EF54589ABB8B}.Debug|Any CPU.Deploy.0 = Debug|Any CPU
		{8F97A19F-D8AB-4525-B6EF-EF54589ABB8B}.Debug|iPhone.ActiveCfg = Debug|Any CPU
		{8F97A19F-D8AB-4525-B6EF-EF54589ABB8B}.Debug|iPhone.Build.0 = Debug|Any CPU
		{8F97A19F-D8AB-4525-B6EF-EF54589ABB8B}.Debug|iPhone.Deploy.0 = Debug|Any CPU
		{8F97A19F-D8AB-4525-B6EF-EF54589ABB8B}.Debug|iPhoneSimulator.ActiveCfg = Debug|Any CPU
		{8F97A19F-D8AB-4525-B6EF-EF54589ABB8B}.Debug|iPhoneSimulator.Build.0 = Debug|Any CPU
		{8F97A19F-D8AB-4525-B6EF-EF54589ABB8B}.Debug|iPhoneSimulator.Deploy.0 = Debug|Any CPU
		{8F97A19F-D8AB-4525-B6EF-EF54589ABB8B}.Release|Any CPU.ActiveCfg = Release|Any CPU
		{8F97A19F-D8AB-4525-B6EF-EF54589ABB8B}.Release|Any CPU.Build.0 = Release|Any CPU
		{8F97A19F-D8AB-4525-B6EF-EF54589ABB8B}.Release|Any CPU.Deploy.0 = Release|Any CPU
		{8F97A19F-D8AB-4525-B6EF-EF54589ABB8B}.Release|iPhone.ActiveCfg = Release|Any CPU
		{8F97A19F-D8AB-4525-B6EF-EF54589ABB8B}.Release|iPhone.Build.0 = Release|Any CPU
		{8F97A19F-D8AB-4525-B6EF-EF54589ABB8B}.Release|iPhone.Deploy.0 = Release|Any CPU
		{8F97A19F-D8AB-4525-B6EF-EF54589ABB8B}.Release|iPhoneSimulator.ActiveCfg = Release|Any CPU
		{8F97A19F-D8AB-4525-B6EF-EF54589ABB8B}.Release|iPhoneSimulator.Build.0 = Release|Any CPU
		{8F97A19F-D8AB-4525-B6EF-EF54589ABB8B}.Release|iPhoneSimulator.Deploy.0 = Release|Any CPU
		{00520093-9F39-49CA-BF37-E602E5A6A999}.Ad-Hoc|Any CPU.ActiveCfg = Ad-Hoc|iPhone
		{00520093-9F39-49CA-BF37-E602E5A6A999}.Ad-Hoc|Any CPU.Build.0 = Ad-Hoc|iPhone
		{00520093-9F39-49CA-BF37-E602E5A6A999}.Ad-Hoc|Any CPU.Deploy.0 = Ad-Hoc|iPhone
		{00520093-9F39-49CA-BF37-E602E5A6A999}.Ad-Hoc|iPhone.ActiveCfg = Ad-Hoc|iPhone
		{00520093-9F39-49CA-BF37-E602E5A6A999}.Ad-Hoc|iPhone.Build.0 = Ad-Hoc|iPhone
		{00520093-9F39-49CA-BF37-E602E5A6A999}.Ad-Hoc|iPhone.Deploy.0 = Ad-Hoc|iPhone
		{00520093-9F39-49CA-BF37-E602E5A6A999}.Ad-Hoc|iPhoneSimulator.ActiveCfg = Ad-Hoc|iPhoneSimulator
		{00520093-9F39-49CA-BF37-E602E5A6A999}.Ad-Hoc|iPhoneSimulator.Build.0 = Ad-Hoc|iPhoneSimulator
		{00520093-9F39-49CA-BF37-E602E5A6A999}.Ad-Hoc|iPhoneSimulator.Deploy.0 = Ad-Hoc|iPhoneSimulator
		{00520093-9F39-49CA-BF37-E602E5A6A999}.AppStore|Any CPU.ActiveCfg = AppStore|iPhone
		{00520093-9F39-49CA-BF37-E602E5A6A999}.AppStore|Any CPU.Build.0 = AppStore|iPhone
		{00520093-9F39-49CA-BF37-E602E5A6A999}.AppStore|Any CPU.Deploy.0 = AppStore|iPhone
		{00520093-9F39-49CA-BF37-E602E5A6A999}.AppStore|iPhone.ActiveCfg = AppStore|iPhone
		{00520093-9F39-49CA-BF37-E602E5A6A999}.AppStore|iPhone.Build.0 = AppStore|iPhone
		{00520093-9F39-49CA-BF37-E602E5A6A999}.AppStore|iPhone.Deploy.0 = AppStore|iPhone
		{00520093-9F39-49CA-BF37-E602E5A6A999}.AppStore|iPhoneSimulator.ActiveCfg = AppStore|iPhoneSimulator
		{00520093-9F39-49CA-BF37-E602E5A6A999}.AppStore|iPhoneSimulator.Build.0 = AppStore|iPhoneSimulator
		{00520093-9F39-49CA-BF37-E602E5A6A999}.AppStore|iPhoneSimulator.Deploy.0 = AppStore|iPhoneSimulator
		{00520093-9F39-49CA-BF37-E602E5A6A999}.Debug|Any CPU.ActiveCfg = Debug|iPhoneSimulator
		{00520093-9F39-49CA-BF37-E602E5A6A999}.Debug|Any CPU.Build.0 = Debug|iPhoneSimulator
		{00520093-9F39-49CA-BF37-E602E5A6A999}.Debug|Any CPU.Deploy.0 = Debug|iPhoneSimulator
		{00520093-9F39-49CA-BF37-E602E5A6A999}.Debug|iPhone.ActiveCfg = Debug|iPhone
		{00520093-9F39-49CA-BF37-E602E5A6A999}.Debug|iPhone.Build.0 = Debug|iPhone
		{00520093-9F39-49CA-BF37-E602E5A6A999}.Debug|iPhone.Deploy.0 = Debug|iPhone
		{00520093-9F39-49CA-BF37-E602E5A6A999}.Debug|iPhoneSimulator.ActiveCfg = Debug|iPhoneSimulator
		{00520093-9F39-49CA-BF37-E602E5A6A999}.Debug|iPhoneSimulator.Build.0 = Debug|iPhoneSimulator
		{00520093-9F39-49CA-BF37-E602E5A6A999}.Debug|iPhoneSimulator.Deploy.0 = Debug|iPhoneSimulator
		{00520093-9F39-49CA-BF37-E602E5A6A999}.Release|Any CPU.ActiveCfg = Release|iPhone
		{00520093-9F39-49CA-BF37-E602E5A6A999}.Release|Any CPU.Build.0 = Release|iPhone
		{00520093-9F39-49CA-BF37-E602E5A6A999}.Release|Any CPU.Deploy.0 = Release|iPhone
		{00520093-9F39-49CA-BF37-E602E5A6A999}.Release|iPhone.ActiveCfg = Release|iPhone
		{00520093-9F39-49CA-BF37-E602E5A6A999}.Release|iPhone.Build.0 = Release|iPhone
		{00520093-9F39-49CA-BF37-E602E5A6A999}.Release|iPhone.Deploy.0 = Release|iPhone
		{00520093-9F39-49CA-BF37-E602E5A6A999}.Release|iPhoneSimulator.ActiveCfg = Release|iPhoneSimulator
		{00520093-9F39-49CA-BF37-E602E5A6A999}.Release|iPhoneSimulator.Build.0 = Release|iPhoneSimulator
		{00520093-9F39-49CA-BF37-E602E5A6A999}.Release|iPhoneSimulator.Deploy.0 = Release|iPhoneSimulator
		{0D70E51B-1FB6-4265-9275-D1CA6B0C4447}.Ad-Hoc|Any CPU.ActiveCfg = Debug|Any CPU
		{0D70E51B-1FB6-4265-9275-D1CA6B0C4447}.Ad-Hoc|Any CPU.Build.0 = Debug|Any CPU
		{0D70E51B-1FB6-4265-9275-D1CA6B0C4447}.Ad-Hoc|Any CPU.Deploy.0 = Debug|Any CPU
		{0D70E51B-1FB6-4265-9275-D1CA6B0C4447}.Ad-Hoc|iPhone.ActiveCfg = Debug|Any CPU
		{0D70E51B-1FB6-4265-9275-D1CA6B0C4447}.Ad-Hoc|iPhone.Build.0 = Debug|Any CPU
		{0D70E51B-1FB6-4265-9275-D1CA6B0C4447}.Ad-Hoc|iPhone.Deploy.0 = Debug|Any CPU
		{0D70E51B-1FB6-4265-9275-D1CA6B0C4447}.Ad-Hoc|iPhoneSimulator.ActiveCfg = Debug|Any CPU
		{0D70E51B-1FB6-4265-9275-D1CA6B0C4447}.Ad-Hoc|iPhoneSimulator.Build.0 = Debug|Any CPU
		{0D70E51B-1FB6-4265-9275-D1CA6B0C4447}.Ad-Hoc|iPhoneSimulator.Deploy.0 = Debug|Any CPU
		{0D70E51B-1FB6-4265-9275-D1CA6B0C4447}.AppStore|Any CPU.ActiveCfg = Debug|Any CPU
		{0D70E51B-1FB6-4265-9275-D1CA6B0C4447}.AppStore|Any CPU.Build.0 = Debug|Any CPU
		{0D70E51B-1FB6-4265-9275-D1CA6B0C4447}.AppStore|Any CPU.Deploy.0 = Debug|Any CPU
		{0D70E51B-1FB6-4265-9275-D1CA6B0C4447}.AppStore|iPhone.ActiveCfg = Debug|Any CPU
		{0D70E51B-1FB6-4265-9275-D1CA6B0C4447}.AppStore|iPhone.Build.0 = Debug|Any CPU
		{0D70E51B-1FB6-4265-9275-D1CA6B0C4447}.AppStore|iPhone.Deploy.0 = Debug|Any CPU
		{0D70E51B-1FB6-4265-9275-D1CA6B0C4447}.AppStore|iPhoneSimulator.ActiveCfg = Debug|Any CPU
		{0D70E51B-1FB6-4265-9275-D1CA6B0C4447}.AppStore|iPhoneSimulator.Build.0 = Debug|Any CPU
		{0D70E51B-1FB6-4265-9275-D1CA6B0C4447}.AppStore|iPhoneSimulator.Deploy.0 = Debug|Any CPU
		{0D70E51B-1FB6-4265-9275-D1CA6B0C4447}.Debug|Any CPU.ActiveCfg = Debug|Any CPU
		{0D70E51B-1FB6-4265-9275-D1CA6B0C4447}.Debug|Any CPU.Build.0 = Debug|Any CPU
		{0D70E51B-1FB6-4265-9275-D1CA6B0C4447}.Debug|Any CPU.Deploy.0 = Debug|Any CPU
		{0D70E51B-1FB6-4265-9275-D1CA6B0C4447}.Debug|iPhone.ActiveCfg = Debug|Any CPU
		{0D70E51B-1FB6-4265-9275-D1CA6B0C4447}.Debug|iPhone.Build.0 = Debug|Any CPU
		{0D70E51B-1FB6-4265-9275-D1CA6B0C4447}.Debug|iPhone.Deploy.0 = Debug|Any CPU
		{0D70E51B-1FB6-4265-9275-D1CA6B0C4447}.Debug|iPhoneSimulator.ActiveCfg = Debug|Any CPU
		{0D70E51B-1FB6-4265-9275-D1CA6B0C4447}.Debug|iPhoneSimulator.Build.0 = Debug|Any CPU
		{0D70E51B-1FB6-4265-9275-D1CA6B0C4447}.Debug|iPhoneSimulator.Deploy.0 = Debug|Any CPU
		{0D70E51B-1FB6-4265-9275-D1CA6B0C4447}.Release|Any CPU.ActiveCfg = Release|Any CPU
		{0D70E51B-1FB6-4265-9275-D1CA6B0C4447}.Release|Any CPU.Build.0 = Release|Any CPU
		{0D70E51B-1FB6-4265-9275-D1CA6B0C4447}.Release|Any CPU.Deploy.0 = Release|Any CPU
		{0D70E51B-1FB6-4265-9275-D1CA6B0C4447}.Release|iPhone.ActiveCfg = Release|Any CPU
		{0D70E51B-1FB6-4265-9275-D1CA6B0C4447}.Release|iPhone.Build.0 = Release|Any CPU
		{0D70E51B-1FB6-4265-9275-D1CA6B0C4447}.Release|iPhone.Deploy.0 = Release|Any CPU
		{0D70E51B-1FB6-4265-9275-D1CA6B0C4447}.Release|iPhoneSimulator.ActiveCfg = Release|Any CPU
		{0D70E51B-1FB6-4265-9275-D1CA6B0C4447}.Release|iPhoneSimulator.Build.0 = Release|Any CPU
		{0D70E51B-1FB6-4265-9275-D1CA6B0C4447}.Release|iPhoneSimulator.Deploy.0 = Release|Any CPU
	EndGlobalSection
	GlobalSection(SolutionProperties) = preSolution
		HideSolutionNode = FALSE
	EndGlobalSection
	GlobalSection(ExtensibilityGlobals) = postSolution
		SolutionGuid = {6D8C4E0B-4499-4304-B57D-2526A7AD9660}
	EndGlobalSection
EndGlobal
